# THIS IS AN AUTOGENERATED FILE. DO NOT EDIT THIS FILE DIRECTLY.
# yarn lockfile v1


"@mapbox/jsonlint-lines-primitives@~2.0.2":
  version "2.0.2"
  resolved "https://registry.yarnpkg.com/@mapbox/jsonlint-lines-primitives/-/jsonlint-lines-primitives-2.0.2.tgz#ce56e539f83552b58d10d672ea4d6fc9adc7b234"
  integrity sha1-zlblOfg1UrWNENZy6k1vya3HsjQ=

"@mapbox/mapbox-gl-style-spec@^13.14.0":
  version "13.17.0"
  resolved "https://registry.yarnpkg.com/@mapbox/mapbox-gl-style-spec/-/mapbox-gl-style-spec-13.17.0.tgz#4b9f16e4cc94ce13a254d61a139b28c716925de4"
  integrity sha512-ZxOdHiuUmDcvQNc1uTnBLVJZxiQVYvoNZaQVxWwl+6Id6tjGQFtieZxXiv/RXIOpQQT35JuioatTKdsjpMsULA==
  dependencies:
    "@mapbox/jsonlint-lines-primitives" "~2.0.2"
    "@mapbox/point-geometry" "^0.1.0"
    "@mapbox/unitbezier" "^0.0.0"
    csscolorparser "~1.0.2"
    json-stringify-pretty-compact "^2.0.0"
    minimist "^1.2.5"
    rw "^1.3.3"
    sort-object "^0.3.2"

"@mapbox/point-geometry@^0.1.0":
  version "0.1.0"
  resolved "https://registry.yarnpkg.com/@mapbox/point-geometry/-/point-geometry-0.1.0.tgz#8a83f9335c7860effa2eeeca254332aa0aeed8f2"
  integrity sha1-ioP5M1x4YO/6Lu7KJUMyqgru2PI=

"@mapbox/unitbezier@^0.0.0":
  version "0.0.0"
  resolved "https://registry.yarnpkg.com/@mapbox/unitbezier/-/unitbezier-0.0.0.tgz#15651bd553a67b8581fb398810c98ad86a34524e"
  integrity sha1-FWUb1VOme4WB+zmIEMmK2Go0Uk4=

csscolorparser@~1.0.2:
  version "1.0.3"
  resolved "https://registry.yarnpkg.com/csscolorparser/-/csscolorparser-1.0.3.tgz#b34f391eea4da8f3e98231e2ccd8df9c041f171b"
  integrity sha1-s085HupNqPPpgjHizNjfnAQfFxs=

ieee754@^1.1.12:
  version "1.1.13"
  resolved "https://registry.yarnpkg.com/ieee754/-/ieee754-1.1.13.tgz#ec168558e95aa181fd87d37f55c32bbcb6708b84"
  integrity sha512-4vf7I2LYV/HaWerSo3XmlMkp5eZ83i+/CDluXi/IGTs/O1sejBNhTtnxzmRZfvOUqj7lZjqHkeTvpgSFDlWZTg==

json-stringify-pretty-compact@^2.0.0:
  version "2.0.0"
  resolved "https://registry.yarnpkg.com/json-stringify-pretty-compact/-/json-stringify-pretty-compact-2.0.0.tgz#e77c419f52ff00c45a31f07f4c820c2433143885"
  integrity sha512-WRitRfs6BGq4q8gTgOy4ek7iPFXjbra0H3PmDLKm2xnZ+Gh1HUhiKGgCZkSPNULlP7mvfu6FV/mOLhCarspADQ==

mapbox-to-css-font@^2.4.0:
  version "2.4.0"
  resolved "https://registry.yarnpkg.com/mapbox-to-css-font/-/mapbox-to-css-font-2.4.0.tgz#a23b51664a1ee839beaefade013f2655bee9a390"
  integrity sha512-v674D0WtpxCXlA6E+sBlG1QJWdUkz/s9qAD91bJSXBGuBL5lL4tJXpoJEftecphCh2SVQCjWMS2vhylc3AIQTg==

minimist@^1.2.5:
  version "1.2.5"
  resolved "https://registry.yarnpkg.com/minimist/-/minimist-1.2.5.tgz#67d66014b66a6a8aaa0c083c5fd58df4e4e97602"
  integrity sha512-FM9nNUYrRBAELZQT3xeZQ7fmMOBg6nWNmJKTcgsJeaLstP/UODVpGsr5OhXhhXg6f+qtJ8uiZ+PUxkDWcgIXLw==

ol-mapbox-style@^6.1.1:
  version "6.1.4"
  resolved "https://registry.yarnpkg.com/ol-mapbox-style/-/ol-mapbox-style-6.1.4.tgz#5caec1e26e45371091cb68488541b0f9d56d531f"
  integrity sha512-XyOk6oGTGtFnj6gRvMwdKZft9s1QeSh9toQRGT7vFr8fS9yV8fSVJnrdmicGTYDYkUVmL+B3Sebi2jc1oEdouQ==
  dependencies:
    "@mapbox/mapbox-gl-style-spec" "^13.14.0"
    mapbox-to-css-font "^2.4.0"
    webfont-matcher "^1.1.0"

ol@^6.4.3:
  version "6.4.3"
  resolved "https://registry.yarnpkg.com/ol/-/ol-6.4.3.tgz#2277bb583fe2848e4b2062f85f1c5136b4b0c1b2"
  integrity sha512-JcoZ/VJE9cUoxfhpa2EFYH0AHFYty1x47aITsQgLkyvWIWWigWp1N9LBcCSlCuu2QkE+DutomI2oKfnFbQA/xw==
  dependencies:
    ol-mapbox-style "^6.1.1"
    pbf "3.2.1"
    rbush "^3.0.1"

pbf@3.2.1:
  version "3.2.1"
  resolved "https://registry.yarnpkg.com/pbf/-/pbf-3.2.1.tgz#b4c1b9e72af966cd82c6531691115cc0409ffe2a"
  integrity sha512-ClrV7pNOn7rtmoQVF4TS1vyU0WhYRnP92fzbfF75jAIwpnzdJXf8iTd4CMEqO4yUenH6NDqLiwjqlh6QgZzgLQ==
  dependencies:
    ieee754 "^1.1.12"
    resolve-protobuf-schema "^2.1.0"

protocol-buffers-schema@^3.3.1:
  version "3.4.0"
  resolved "https://registry.yarnpkg.com/protocol-buffers-schema/-/protocol-buffers-schema-3.4.0.tgz#2f0ea31ca96627d680bf2fefae7ebfa2b6453eae"
  integrity sha512-G/2kcamPF2S49W5yaMGdIpkG6+5wZF0fzBteLKgEHjbNzqjZQ85aAs1iJGto31EJaSTkNvHs5IXuHSaTLWBAiA==

quickselect@^2.0.0:
  version "2.0.0"
  resolved "https://registry.yarnpkg.com/quickselect/-/quickselect-2.0.0.tgz#f19680a486a5eefb581303e023e98faaf25dd018"
  integrity sha512-RKJ22hX8mHe3Y6wH/N3wCM6BWtjaxIyyUIkpHOvfFnxdI4yD4tBXEBKSbriGujF6jnSVkJrffuo6vxACiSSxIw==

rbush@^3.0.1:
  version "3.0.1"
  resolved "https://registry.yarnpkg.com/rbush/-/rbush-3.0.1.tgz#5fafa8a79b3b9afdfe5008403a720cc1de882ecf"
  integrity sha512-XRaVO0YecOpEuIvbhbpTrZgoiI6xBlz6hnlr6EHhd+0x9ase6EmeN+hdwwUaJvLcsFFQ8iWVF1GAK1yB0BWi0w==
  dependencies:
    quickselect "^2.0.0"

resolve-protobuf-schema@^2.1.0:
  version "2.1.0"
  resolved "https://registry.yarnpkg.com/resolve-protobuf-schema/-/resolve-protobuf-schema-2.1.0.tgz#9ca9a9e69cf192bbdaf1006ec1973948aa4a3758"
  integrity sha512-kI5ffTiZWmJaS/huM8wZfEMer1eRd7oJQhDuxeCLe3t7N7mX3z94CN0xPxBQxFYQTSNz9T0i+v6inKqSdK8xrQ==
  dependencies:
    protocol-buffers-schema "^3.3.1"

rw@^1.3.3:
  version "1.3.3"
  resolved "https://registry.yarnpkg.com/rw/-/rw-1.3.3.tgz#3f862dfa91ab766b14885ef4d01124bfda074fb4"
  integrity sha1-P4Yt+pGrdmsUiF700BEkv9oHT7Q=

sort-asc@^0.1.0:
  version "0.1.0"
  resolved "https://registry.yarnpkg.com/sort-asc/-/sort-asc-0.1.0.tgz#ab799df61fc73ea0956c79c4b531ed1e9e7727e9"
  integrity sha1-q3md9h/HPqCVbHnEtTHtHp53J+k=

sort-desc@^0.1.1:
  version "0.1.1"
  resolved "https://registry.yarnpkg.com/sort-desc/-/sort-desc-0.1.1.tgz#198b8c0cdeb095c463341861e3925d4ee359a9ee"
  integrity sha1-GYuMDN6wlcRjNBhh45JdTuNZqe4=

sort-object@^0.3.2:
  version "0.3.2"
  resolved "https://registry.yarnpkg.com/sort-object/-/sort-object-0.3.2.tgz#98e0d199ede40e07c61a84403c61d6c3b290f9e2"
  integrity sha1-mODRme3kDgfGGoRAPGHWw7KQ+eI=
  dependencies:
    sort-asc "^0.1.0"
    sort-desc "^0.1.1"

webfont-matcher@^1.1.0:
  version "1.1.0"
  resolved "https://registry.yarnpkg.com/webfont-matcher/-/webfont-matcher-1.1.0.tgz#98ce95097b29e31fbe733053e10e571642d1c6c7"
  integrity sha1-mM6VCXsp4x++czBT4Q5XFkLRxsc=
