# THIS IS AN AUTOGENERATED FILE. DO NOT EDIT THIS FILE DIRECTLY.
# yarn lockfile v1


jquery-migrate@^3.6.0:
  version "3.6.0"
  resolved "https://registry.yarnpkg.com/jquery-migrate/-/jquery-migrate-3.6.0.tgz#9bbad8e222cef02091b3842568dde261f517a77a"
  integrity sha512-2k3GMQXXEellCOkj8tczgCd/Y0KMm7LErz4rE6CkHIZV1JTUDlgs7XFN+GpwGKXDQtw/HsjtJuE+CS8IfEOnPg==

jquery@^3.7.1:
  version "3.7.1"
  resolved "https://registry.yarnpkg.com/jquery/-/jquery-3.7.1.tgz#083ef98927c9a6a74d05a6af02806566d16274de"
  integrity sha512-m4avr8yL8kmFN8psrbFFFmB/If14iN5o9nw/NgnnM+kybDJpRsAynV2BsfpTYrTRysYUdADVD7CkUUizgkpLfg==
