# THIS IS AN AUTOGENERATED FILE. DO NOT EDIT THIS FILE DIRECTLY.
# yarn lockfile v1


jquery-migrate@^3.5.2:
  version "3.5.2"
  resolved "https://registry.yarnpkg.com/jquery-migrate/-/jquery-migrate-3.5.2.tgz#c9631702e1a5c93c5e7a0bbba54b82883c4ac47d"
  integrity sha512-GGvcVWK3aei2/98r7pA4UkOYvs4xVeCGvquNXADFUp9+Sr6VeOw0ktlQ9z4YlBbEFpsXBlRioAgpH/fLWinj4Q==

jquery@^3.7.1:
  version "3.7.1"
  resolved "https://registry.yarnpkg.com/jquery/-/jquery-3.7.1.tgz#083ef98927c9a6a74d05a6af02806566d16274de"
  integrity sha512-m4avr8yL8kmFN8psrbFFFmB/If14iN5o9nw/NgnnM+kybDJpRsAynV2BsfpTYrTRysYUdADVD7CkUUizgkpLfg==
